// !$*UTF8*$!
{
	archiveVersion = 1;
	classes = {
	};
	objectVersion = 50;
	objects = {

/* Begin PBXBuildFile section */
		27EE3DD120CC8B2C0012E5FD /* AppDelegate.swift in Sources */ = {isa = PBXBuildFile; fileRef = 27EE3DD020CC8B2C0012E5FD /* AppDelegate.swift */; };
		27EE3DD320CC8B2C0012E5FD /* MainViewController.swift in Sources */ = {isa = PBXBuildFile; fileRef = 27EE3DD220CC8B2C0012E5FD /* MainViewController.swift */; };
		27EE3DD620CC8B2C0012E5FD /* Main.storyboard in Resources */ = {isa = PBXBuildFile; fileRef = 27EE3DD420CC8B2C0012E5FD /* Main.storyboard */; };
		27EE3DD920CC8B2C0012E5FD /* FutureMind.xcdatamodeld in Sources */ = {isa = PBXBuildFile; fileRef = 27EE3DD720CC8B2C0012E5FD /* FutureMind.xcdatamodeld */; };
		27EE3DDB20CC8B2D0012E5FD /* Assets.xcassets in Resources */ = {isa = PBXBuildFile; fileRef = 27EE3DDA20CC8B2D0012E5FD /* Assets.xcassets */; };
		27EE3DDE20CC8B2D0012E5FD /* LaunchScreen.storyboard in Resources */ = {isa = PBXBuildFile; fileRef = 27EE3DDC20CC8B2D0012E5FD /* LaunchScreen.storyboard */; };
		27EE3DE720CC949A0012E5FD /* APIService.swift in Sources */ = {isa = PBXBuildFile; fileRef = 27EE3DE620CC949A0012E5FD /* APIService.swift */; };
		27EE3DEA20CC95DA0012E5FD /* GetDataResponse.swift in Sources */ = {isa = PBXBuildFile; fileRef = 27EE3DE920CC95DA0012E5FD /* GetDataResponse.swift */; };
		27EE3DED20CC9BD90012E5FD /* APISessionManager.swift in Sources */ = {isa = PBXBuildFile; fileRef = 27EE3DEC20CC9BD90012E5FD /* APISessionManager.swift */; };
		27EE3DF020CC9EB90012E5FD /* APIRepository.swift in Sources */ = {isa = PBXBuildFile; fileRef = 27EE3DEF20CC9EB90012E5FD /* APIRepository.swift */; };
		27EE3DF220CCA1D20012E5FD /* APIRepositoryInterface.swift in Sources */ = {isa = PBXBuildFile; fileRef = 27EE3DF120CCA1D20012E5FD /* APIRepositoryInterface.swift */; };
		27EE3DF420CCA5FA0012E5FD /* MainViewModel.swift in Sources */ = {isa = PBXBuildFile; fileRef = 27EE3DF320CCA5FA0012E5FD /* MainViewModel.swift */; };
		27EE3DF620CCABB70012E5FD /* MainAssembly.swift in Sources */ = {isa = PBXBuildFile; fileRef = 27EE3DF520CCABB70012E5FD /* MainAssembly.swift */; };
		27EE3DFC20CEEDDE0012E5FD /* CoreDataStackManager.swift in Sources */ = {isa = PBXBuildFile; fileRef = 27EE3DFB20CEEDDE0012E5FD /* CoreDataStackManager.swift */; };
		27EE3E0120CF32C90012E5FD /* String+Whitespaces.swift in Sources */ = {isa = PBXBuildFile; fileRef = 27EE3E0020CF32C90012E5FD /* String+Whitespaces.swift */; };
		27EE3E0320CF349D0012E5FD /* ImmutableMappableTransformation.swift in Sources */ = {isa = PBXBuildFile; fileRef = 27EE3E0220CF349D0012E5FD /* ImmutableMappableTransformation.swift */; };
		27EE3E0620D02A950012E5FD /* PrototypeCell.swift in Sources */ = {isa = PBXBuildFile; fileRef = 27EE3E0520D02A950012E5FD /* PrototypeCell.swift */; };
		DA783FEFF7CC77058B207042 /* Pods_FutureMind.framework in Frameworks */ = {isa = PBXBuildFile; fileRef = AE4B12423B1A3952B3F0984C /* Pods_FutureMind.framework */; };
/* End PBXBuildFile section */

/* Begin PBXFileReference section */
		279555A98BAC0BF514AD0440 /* Pods-FutureMind.release.xcconfig */ = {isa = PBXFileReference; includeInIndex = 1; lastKnownFileType = text.xcconfig; name = "Pods-FutureMind.release.xcconfig"; path = "Pods/Target Support Files/Pods-FutureMind/Pods-FutureMind.release.xcconfig"; sourceTree = "<group>"; };
		27EE3DCD20CC8B2C0012E5FD /* FutureMind.app */ = {isa = PBXFileReference; explicitFileType = wrapper.application; includeInIndex = 0; path = FutureMind.app; sourceTree = BUILT_PRODUCTS_DIR; };
		27EE3DD020CC8B2C0012E5FD /* AppDelegate.swift */ = {isa = PBXFileReference; lastKnownFileType = sourcecode.swift; path = AppDelegate.swift; sourceTree = "<group>"; };
		27EE3DD220CC8B2C0012E5FD /* MainViewController.swift */ = {isa = PBXFileReference; lastKnownFileType = sourcecode.swift; path = MainViewController.swift; sourceTree = "<group>"; };
		27EE3DD520CC8B2C0012E5FD /* Base */ = {isa = PBXFileReference; lastKnownFileType = file.storyboard; name = Base; path = Base.lproj/Main.storyboard; sourceTree = "<group>"; };
		27EE3DD820CC8B2C0012E5FD /* FutureMind.xcdatamodel */ = {isa = PBXFileReference; lastKnownFileType = wrapper.xcdatamodel; path = FutureMind.xcdatamodel; sourceTree = "<group>"; };
		27EE3DDA20CC8B2D0012E5FD /* Assets.xcassets */ = {isa = PBXFileReference; lastKnownFileType = folder.assetcatalog; path = Assets.xcassets; sourceTree = "<group>"; };
		27EE3DDD20CC8B2D0012E5FD /* Base */ = {isa = PBXFileReference; lastKnownFileType = file.storyboard; name = Base; path = Base.lproj/LaunchScreen.storyboard; sourceTree = "<group>"; };
		27EE3DDF20CC8B2D0012E5FD /* Info.plist */ = {isa = PBXFileReference; lastKnownFileType = text.plist.xml; path = Info.plist; sourceTree = "<group>"; };
		27EE3DE620CC949A0012E5FD /* APIService.swift */ = {isa = PBXFileReference; lastKnownFileType = sourcecode.swift; path = APIService.swift; sourceTree = "<group>"; };
		27EE3DE920CC95DA0012E5FD /* GetDataResponse.swift */ = {isa = PBXFileReference; lastKnownFileType = sourcecode.swift; path = GetDataResponse.swift; sourceTree = "<group>"; };
		27EE3DEC20CC9BD90012E5FD /* APISessionManager.swift */ = {isa = PBXFileReference; lastKnownFileType = sourcecode.swift; path = APISessionManager.swift; sourceTree = "<group>"; };
		27EE3DEF20CC9EB90012E5FD /* APIRepository.swift */ = {isa = PBXFileReference; lastKnownFileType = sourcecode.swift; path = APIRepository.swift; sourceTree = "<group>"; };
		27EE3DF120CCA1D20012E5FD /* APIRepositoryInterface.swift */ = {isa = PBXFileReference; lastKnownFileType = sourcecode.swift; path = APIRepositoryInterface.swift; sourceTree = "<group>"; };
		27EE3DF320CCA5FA0012E5FD /* MainViewModel.swift */ = {isa = PBXFileReference; lastKnownFileType = sourcecode.swift; path = MainViewModel.swift; sourceTree = "<group>"; };
		27EE3DF520CCABB70012E5FD /* MainAssembly.swift */ = {isa = PBXFileReference; lastKnownFileType = sourcecode.swift; path = MainAssembly.swift; sourceTree = "<group>"; };
		27EE3DFB20CEEDDE0012E5FD /* CoreDataStackManager.swift */ = {isa = PBXFileReference; lastKnownFileType = sourcecode.swift; path = CoreDataStackManager.swift; sourceTree = "<group>"; };
		27EE3E0020CF32C90012E5FD /* String+Whitespaces.swift */ = {isa = PBXFileReference; lastKnownFileType = sourcecode.swift; path = "String+Whitespaces.swift"; sourceTree = "<group>"; };
		27EE3E0220CF349D0012E5FD /* ImmutableMappableTransformation.swift */ = {isa = PBXFileReference; lastKnownFileType = sourcecode.swift; path = ImmutableMappableTransformation.swift; sourceTree = "<group>"; };
		27EE3E0520D02A950012E5FD /* PrototypeCell.swift */ = {isa = PBXFileReference; lastKnownFileType = sourcecode.swift; path = PrototypeCell.swift; sourceTree = "<group>"; };
		3975125C5600EF2DEB6D39E0 /* Pods-FutureMind.debug.xcconfig */ = {isa = PBXFileReference; includeInIndex = 1; lastKnownFileType = text.xcconfig; name = "Pods-FutureMind.debug.xcconfig"; path = "Pods/Target Support Files/Pods-FutureMind/Pods-FutureMind.debug.xcconfig"; sourceTree = "<group>"; };
		AE4B12423B1A3952B3F0984C /* Pods_FutureMind.framework */ = {isa = PBXFileReference; explicitFileType = wrapper.framework; includeInIndex = 0; path = Pods_FutureMind.framework; sourceTree = BUILT_PRODUCTS_DIR; };
/* End PBXFileReference section */

/* Begin PBXFrameworksBuildPhase section */
		27EE3DCA20CC8B2C0012E5FD /* Frameworks */ = {
			isa = PBXFrameworksBuildPhase;
			buildActionMask = 2147483647;
			files = (
				DA783FEFF7CC77058B207042 /* Pods_FutureMind.framework in Frameworks */,
			);
			runOnlyForDeploymentPostprocessing = 0;
		};
/* End PBXFrameworksBuildPhase section */

/* Begin PBXGroup section */
		1AFE727D5F4F13C16C7FEAAC /* Pods */ = {
			isa = PBXGroup;
			children = (
				3975125C5600EF2DEB6D39E0 /* Pods-FutureMind.debug.xcconfig */,
				279555A98BAC0BF514AD0440 /* Pods-FutureMind.release.xcconfig */,
			);
			name = Pods;
			sourceTree = "<group>";
		};
		268B28A27213BDEBAB4CA5B5 /* Frameworks */ = {
			isa = PBXGroup;
			children = (
				AE4B12423B1A3952B3F0984C /* Pods_FutureMind.framework */,
			);
			name = Frameworks;
			sourceTree = "<group>";
		};
		27EE3DC420CC8B2C0012E5FD = {
			isa = PBXGroup;
			children = (
				27EE3DCF20CC8B2C0012E5FD /* FutureMind */,
				27EE3DCE20CC8B2C0012E5FD /* Products */,
				1AFE727D5F4F13C16C7FEAAC /* Pods */,
				268B28A27213BDEBAB4CA5B5 /* Frameworks */,
			);
			sourceTree = "<group>";
		};
		27EE3DCE20CC8B2C0012E5FD /* Products */ = {
			isa = PBXGroup;
			children = (
				27EE3DCD20CC8B2C0012E5FD /* FutureMind.app */,
			);
			name = Products;
			sourceTree = "<group>";
		};
		27EE3DCF20CC8B2C0012E5FD /* FutureMind */ = {
			isa = PBXGroup;
			children = (
				27EE3DFD20CF30CD0012E5FD /* Features */,
				27EE3DE520CC94820012E5FD /* API */,
				27EE3DEE20CC9E810012E5FD /* Repository */,
				27EE3DFF20CF31780012E5FD /* Extensions */,
				27EE3DD020CC8B2C0012E5FD /* AppDelegate.swift */,
				27EE3DDA20CC8B2D0012E5FD /* Assets.xcassets */,
				27EE3DDC20CC8B2D0012E5FD /* LaunchScreen.storyboard */,
				27EE3DDF20CC8B2D0012E5FD /* Info.plist */,
				27EE3DFB20CEEDDE0012E5FD /* CoreDataStackManager.swift */,
				27EE3DD720CC8B2C0012E5FD /* FutureMind.xcdatamodeld */,
			);
			path = FutureMind;
			sourceTree = "<group>";
		};
		27EE3DE520CC94820012E5FD /* API */ = {
			isa = PBXGroup;
			children = (
				27EE3DE620CC949A0012E5FD /* APIService.swift */,
				27EE3DEB20CC9BC00012E5FD /* Core */,
				27EE3DE820CC95BA0012E5FD /* Response */,
				27EE3E0420CF34F30012E5FD /* Internal */,
			);
			path = API;
			sourceTree = "<group>";
		};
		27EE3DE820CC95BA0012E5FD /* Response */ = {
			isa = PBXGroup;
			children = (
				27EE3DE920CC95DA0012E5FD /* GetDataResponse.swift */,
			);
			path = Response;
			sourceTree = "<group>";
		};
		27EE3DEB20CC9BC00012E5FD /* Core */ = {
			isa = PBXGroup;
			children = (
				27EE3DEC20CC9BD90012E5FD /* APISessionManager.swift */,
			);
			path = Core;
			sourceTree = "<group>";
		};
		27EE3DEE20CC9E810012E5FD /* Repository */ = {
			isa = PBXGroup;
			children = (
				27EE3DEF20CC9EB90012E5FD /* APIRepository.swift */,
				27EE3DF120CCA1D20012E5FD /* APIRepositoryInterface.swift */,
			);
			path = Repository;
			sourceTree = "<group>";
		};
		27EE3DFD20CF30CD0012E5FD /* Features */ = {
			isa = PBXGroup;
			children = (
				27EE3DFE20CF30FC0012E5FD /* MainView */,
			);
			path = Features;
			sourceTree = "<group>";
		};
		27EE3DFE20CF30FC0012E5FD /* MainView */ = {
			isa = PBXGroup;
			children = (
				27EE3DF520CCABB70012E5FD /* MainAssembly.swift */,
				27EE3DD220CC8B2C0012E5FD /* MainViewController.swift */,
				27EE3DF320CCA5FA0012E5FD /* MainViewModel.swift */,
				27EE3E0520D02A950012E5FD /* PrototypeCell.swift */,
				27EE3DD420CC8B2C0012E5FD /* Main.storyboard */,
			);
			path = MainView;
			sourceTree = "<group>";
		};
		27EE3DFF20CF31780012E5FD /* Extensions */ = {
			isa = PBXGroup;
			children = (
				27EE3E0020CF32C90012E5FD /* String+Whitespaces.swift */,
			);
			path = Extensions;
			sourceTree = "<group>";
		};
		27EE3E0420CF34F30012E5FD /* Internal */ = {
			isa = PBXGroup;
			children = (
				27EE3E0220CF349D0012E5FD /* ImmutableMappableTransformation.swift */,
			);
			path = Internal;
			sourceTree = "<group>";
		};
/* End PBXGroup section */

/* Begin PBXNativeTarget section */
		27EE3DCC20CC8B2C0012E5FD /* FutureMind */ = {
			isa = PBXNativeTarget;
			buildConfigurationList = 27EE3DE220CC8B2D0012E5FD /* Build configuration list for PBXNativeTarget "FutureMind" */;
			buildPhases = (
				668256F4971216A5DA2EB318 /* [CP] Check Pods Manifest.lock */,
				27EE3DC920CC8B2C0012E5FD /* Sources */,
				27EE3DCA20CC8B2C0012E5FD /* Frameworks */,
				27EE3DCB20CC8B2C0012E5FD /* Resources */,
				5E6177D7C24CC7AEAD8FBFEB /* [CP] Embed Pods Frameworks */,
			);
			buildRules = (
			);
			dependencies = (
			);
			name = FutureMind;
			productName = FutureMind;
			productReference = 27EE3DCD20CC8B2C0012E5FD /* FutureMind.app */;
			productType = "com.apple.product-type.application";
		};
/* End PBXNativeTarget section */

/* Begin PBXProject section */
		27EE3DC520CC8B2C0012E5FD /* Project object */ = {
			isa = PBXProject;
			attributes = {
				LastSwiftUpdateCheck = 0940;
				LastUpgradeCheck = 0940;
				ORGANIZATIONNAME = "Mike Tubis";
				TargetAttributes = {
					27EE3DCC20CC8B2C0012E5FD = {
						CreatedOnToolsVersion = 9.4;
					};
				};
			};
			buildConfigurationList = 27EE3DC820CC8B2C0012E5FD /* Build configuration list for PBXProject "FutureMind" */;
			compatibilityVersion = "Xcode 9.3";
			developmentRegion = en;
			hasScannedForEncodings = 0;
			knownRegions = (
				en,
				Base,
			);
			mainGroup = 27EE3DC420CC8B2C0012E5FD;
			productRefGroup = 27EE3DCE20CC8B2C0012E5FD /* Products */;
			projectDirPath = "";
			projectRoot = "";
			targets = (
				27EE3DCC20CC8B2C0012E5FD /* FutureMind */,
			);
		};
/* End PBXProject section */

/* Begin PBXResourcesBuildPhase section */
		27EE3DCB20CC8B2C0012E5FD /* Resources */ = {
			isa = PBXResourcesBuildPhase;
			buildActionMask = 2147483647;
			files = (
				27EE3DDE20CC8B2D0012E5FD /* LaunchScreen.storyboard in Resources */,
				27EE3DDB20CC8B2D0012E5FD /* Assets.xcassets in Resources */,
				27EE3DD620CC8B2C0012E5FD /* Main.storyboard in Resources */,
			);
			runOnlyForDeploymentPostprocessing = 0;
		};
/* End PBXResourcesBuildPhase section */

/* Begin PBXShellScriptBuildPhase section */
		5E6177D7C24CC7AEAD8FBFEB /* [CP] Embed Pods Frameworks */ = {
			isa = PBXShellScriptBuildPhase;
			buildActionMask = 2147483647;
			files = (
			);
			inputPaths = (
				"${SRCROOT}/Pods/Target Support Files/Pods-FutureMind/Pods-FutureMind-frameworks.sh",
				"${BUILT_PRODUCTS_DIR}/Alamofire/Alamofire.framework",
				"${BUILT_PRODUCTS_DIR}/AlamofireImage/AlamofireImage.framework",
				"${BUILT_PRODUCTS_DIR}/AlamofireNetworkActivityLogger/AlamofireNetworkActivityLogger.framework",
				"${BUILT_PRODUCTS_DIR}/AlamofireObjectMapper/AlamofireObjectMapper.framework",
				"${BUILT_PRODUCTS_DIR}/ObjectMapper/ObjectMapper.framework",
				"${BUILT_PRODUCTS_DIR}/RxCocoa/RxCocoa.framework",
				"${BUILT_PRODUCTS_DIR}/RxSwift/RxSwift.framework",
				"${BUILT_PRODUCTS_DIR}/Swinject/Swinject.framework",
				"${BUILT_PRODUCTS_DIR}/SwinjectStoryboard/SwinjectStoryboard.framework",
			);
			name = "[CP] Embed Pods Frameworks";
			outputPaths = (
				"${TARGET_BUILD_DIR}/${FRAMEWORKS_FOLDER_PATH}/Alamofire.framework",
				"${TARGET_BUILD_DIR}/${FRAMEWORKS_FOLDER_PATH}/AlamofireImage.framework",
				"${TARGET_BUILD_DIR}/${FRAMEWORKS_FOLDER_PATH}/AlamofireNetworkActivityLogger.framework",
				"${TARGET_BUILD_DIR}/${FRAMEWORKS_FOLDER_PATH}/AlamofireObjectMapper.framework",
				"${TARGET_BUILD_DIR}/${FRAMEWORKS_FOLDER_PATH}/ObjectMapper.framework",
				"${TARGET_BUILD_DIR}/${FRAMEWORKS_FOLDER_PATH}/RxCocoa.framework",
				"${TARGET_BUILD_DIR}/${FRAMEWORKS_FOLDER_PATH}/RxSwift.framework",
				"${TARGET_BUILD_DIR}/${FRAMEWORKS_FOLDER_PATH}/Swinject.framework",
				"${TARGET_BUILD_DIR}/${FRAMEWORKS_FOLDER_PATH}/SwinjectStoryboard.framework",
			);
			runOnlyForDeploymentPostprocessing = 0;
			shellPath = /bin/sh;
			shellScript = "\"${SRCROOT}/Pods/Target Support Files/Pods-FutureMind/Pods-FutureMind-frameworks.sh\"\n";
			showEnvVarsInLog = 0;
		};
		668256F4971216A5DA2EB318 /* [CP] Check Pods Manifest.lock */ = {
			isa = PBXShellScriptBuildPhase;
			buildActionMask = 2147483647;
			files = (
			);
			inputPaths = (
				"${PODS_PODFILE_DIR_PATH}/Podfile.lock",
				"${PODS_ROOT}/Manifest.lock",
			);
			name = "[CP] Check Pods Manifest.lock";
			outputPaths = (
				"$(DERIVED_FILE_DIR)/Pods-FutureMind-checkManifestLockResult.txt",
			);
			runOnlyForDeploymentPostprocessing = 0;
			shellPath = /bin/sh;
			shellScript = "diff \"${PODS_PODFILE_DIR_PATH}/Podfile.lock\" \"${PODS_ROOT}/Manifest.lock\" > /dev/null\nif [ $? != 0 ] ; then\n    # print error to STDERR\n    echo \"error: The sandbox is not in sync with the Podfile.lock. Run 'pod install' or update your CocoaPods installation.\" >&2\n    exit 1\nfi\n# This output is used by Xcode 'outputs' to avoid re-running this script phase.\necho \"SUCCESS\" > \"${SCRIPT_OUTPUT_FILE_0}\"\n";
			showEnvVarsInLog = 0;
		};
/* End PBXShellScriptBuildPhase section */

/* Begin PBXSourcesBuildPhase section */
		27EE3DC920CC8B2C0012E5FD /* Sources */ = {
			isa = PBXSourcesBuildPhase;
			buildActionMask = 2147483647;
			files = (
				27EE3DF620CCABB70012E5FD /* MainAssembly.swift in Sources */,
				27EE3E0120CF32C90012E5FD /* String+Whitespaces.swift in Sources */,
				27EE3DD920CC8B2C0012E5FD /* FutureMind.xcdatamodeld in Sources */,
				27EE3DFC20CEEDDE0012E5FD /* CoreDataStackManager.swift in Sources */,
				27EE3DE720CC949A0012E5FD /* APIService.swift in Sources */,
				27EE3E0320CF349D0012E5FD /* ImmutableMappableTransformation.swift in Sources */,
				27EE3DF220CCA1D20012E5FD /* APIRepositoryInterface.swift in Sources */,
				27EE3DD320CC8B2C0012E5FD /* MainViewController.swift in Sources */,
				27EE3DF020CC9EB90012E5FD /* APIRepository.swift in Sources */,
				27EE3DD120CC8B2C0012E5FD /* AppDelegate.swift in Sources */,
				27EE3E0620D02A950012E5FD /* PrototypeCell.swift in Sources */,
				27EE3DEA20CC95DA0012E5FD /* GetDataResponse.swift in Sources */,
				27EE3DED20CC9BD90012E5FD /* APISessionManager.swift in Sources */,
				27EE3DF420CCA5FA0012E5FD /* MainViewModel.swift in Sources */,
			);
			runOnlyForDeploymentPostprocessing = 0;
		};
/* End PBXSourcesBuildPhase section */

/* Begin PBXVariantGroup section */
		27EE3DD420CC8B2C0012E5FD /* Main.storyboard */ = {
			isa = PBXVariantGroup;
			children = (
				27EE3DD520CC8B2C0012E5FD /* Base */,
			);
			name = Main.storyboard;
			sourceTree = "<group>";
		};
		27EE3DDC20CC8B2D0012E5FD /* LaunchScreen.storyboard */ = {
			isa = PBXVariantGroup;
			children = (
				27EE3DDD20CC8B2D0012E5FD /* Base */,
			);
			name = LaunchScreen.storyboard;
			sourceTree = "<group>";
		};
/* End PBXVariantGroup section */

/* Begin XCBuildConfiguration section */
		27EE3DE020CC8B2D0012E5FD /* Debug */ = {
			isa = XCBuildConfiguration;
			buildSettings = {
				ALWAYS_SEARCH_USER_PATHS = NO;
				CLANG_ANALYZER_NONNULL = YES;
				CLANG_ANALYZER_NUMBER_OBJECT_CONVERSION = YES_AGGRESSIVE;
				CLANG_CXX_LANGUAGE_STANDARD = "gnu++14";
				CLANG_CXX_LIBRARY = "libc++";
				CLANG_ENABLE_MODULES = YES;
				CLANG_ENABLE_OBJC_ARC = YES;
				CLANG_ENABLE_OBJC_WEAK = YES;
				CLANG_WARN_BLOCK_CAPTURE_AUTORELEASING = YES;
				CLANG_WARN_BOOL_CONVERSION = YES;
				CLANG_WARN_COMMA = YES;
				CLANG_WARN_CONSTANT_CONVERSION = YES;
				CLANG_WARN_DEPRECATED_OBJC_IMPLEMENTATIONS = YES;
				CLANG_WARN_DIRECT_OBJC_ISA_USAGE = YES_ERROR;
				CLANG_WARN_DOCUMENTATION_COMMENTS = YES;
				CLANG_WARN_EMPTY_BODY = YES;
				CLANG_WARN_ENUM_CONVERSION = YES;
				CLANG_WARN_INFINITE_RECURSION = YES;
				CLANG_WARN_INT_CONVERSION = YES;
				CLANG_WARN_NON_LITERAL_NULL_CONVERSION = YES;
				CLANG_WARN_OBJC_IMPLICIT_RETAIN_SELF = YES;
				CLANG_WARN_OBJC_LITERAL_CONVERSION = YES;
				CLANG_WARN_OBJC_ROOT_CLASS = YES_ERROR;
				CLANG_WARN_RANGE_LOOP_ANALYSIS = YES;
				CLANG_WARN_STRICT_PROTOTYPES = YES;
				CLANG_WARN_SUSPICIOUS_MOVE = YES;
				CLANG_WARN_UNGUARDED_AVAILABILITY = YES_AGGRESSIVE;
				CLANG_WARN_UNREACHABLE_CODE = YES;
				CLANG_WARN__DUPLICATE_METHOD_MATCH = YES;
				CODE_SIGN_IDENTITY = "iPhone Developer";
				COPY_PHASE_STRIP = NO;
				DEBUG_INFORMATION_FORMAT = dwarf;
				ENABLE_STRICT_OBJC_MSGSEND = YES;
				ENABLE_TESTABILITY = YES;
				GCC_C_LANGUAGE_STANDARD = gnu11;
				GCC_DYNAMIC_NO_PIC = NO;
				GCC_NO_COMMON_BLOCKS = YES;
				GCC_OPTIMIZATION_LEVEL = 0;
				GCC_PREPROCESSOR_DEFINITIONS = (
					"DEBUG=1",
					"$(inherited)",
				);
				GCC_WARN_64_TO_32_BIT_CONVERSION = YES;
				GCC_WARN_ABOUT_RETURN_TYPE = YES_ERROR;
				GCC_WARN_UNDECLARED_SELECTOR = YES;
				GCC_WARN_UNINITIALIZED_AUTOS = YES_AGGRESSIVE;
				GCC_WARN_UNUSED_FUNCTION = YES;
				GCC_WARN_UNUSED_VARIABLE = YES;
				IPHONEOS_DEPLOYMENT_TARGET = 11.4;
				MTL_ENABLE_DEBUG_INFO = YES;
				ONLY_ACTIVE_ARCH = YES;
				SDKROOT = iphoneos;
				SWIFT_ACTIVE_COMPILATION_CONDITIONS = DEBUG;
				SWIFT_OPTIMIZATION_LEVEL = "-Onone";
			};
			name = Debug;
		};
		27EE3DE120CC8B2D0012E5FD /* Release */ = {
			isa = XCBuildConfiguration;
			buildSettings = {
				ALWAYS_SEARCH_USER_PATHS = NO;
				CLANG_ANALYZER_NONNULL = YES;
				CLANG_ANALYZER_NUMBER_OBJECT_CONVERSION = YES_AGGRESSIVE;
				CLANG_CXX_LANGUAGE_STANDARD = "gnu++14";
				CLANG_CXX_LIBRARY = "libc++";
				CLANG_ENABLE_MODULES = YES;
				CLANG_ENABLE_OBJC_ARC = YES;
				CLANG_ENABLE_OBJC_WEAK = YES;
				CLANG_WARN_BLOCK_CAPTURE_AUTORELEASING = YES;
				CLANG_WARN_BOOL_CONVERSION = YES;
				CLANG_WARN_COMMA = YES;
				CLANG_WARN_CONSTANT_CONVERSION = YES;
				CLANG_WARN_DEPRECATED_OBJC_IMPLEMENTATIONS = YES;
				CLANG_WARN_DIRECT_OBJC_ISA_USAGE = YES_ERROR;
				CLANG_WARN_DOCUMENTATION_COMMENTS = YES;
				CLANG_WARN_EMPTY_BODY = YES;
				CLANG_WARN_ENUM_CONVERSION = YES;
				CLANG_WARN_INFINITE_RECURSION = YES;
				CLANG_WARN_INT_CONVERSION = YES;
				CLANG_WARN_NON_LITERAL_NULL_CONVERSION = YES;
				CLANG_WARN_OBJC_IMPLICIT_RETAIN_SELF = YES;
				CLANG_WARN_OBJC_LITERAL_CONVERSION = YES;
				CLANG_WARN_OBJC_ROOT_CLASS = YES_ERROR;
				CLANG_WARN_RANGE_LOOP_ANALYSIS = YES;
				CLANG_WARN_STRICT_PROTOTYPES = YES;
				CLANG_WARN_SUSPICIOUS_MOVE = YES;
				CLANG_WARN_UNGUARDED_AVAILABILITY = YES_AGGRESSIVE;
				CLANG_WARN_UNREACHABLE_CODE = YES;
				CLANG_WARN__DUPLICATE_METHOD_MATCH = YES;
				CODE_SIGN_IDENTITY = "iPhone Developer";
				COPY_PHASE_STRIP = NO;
				DEBUG_INFORMATION_FORMAT = "dwarf-with-dsym";
				ENABLE_NS_ASSERTIONS = NO;
				ENABLE_STRICT_OBJC_MSGSEND = YES;
				GCC_C_LANGUAGE_STANDARD = gnu11;
				GCC_NO_COMMON_BLOCKS = YES;
				GCC_WARN_64_TO_32_BIT_CONVERSION = YES;
				GCC_WARN_ABOUT_RETURN_TYPE = YES_ERROR;
				GCC_WARN_UNDECLARED_SELECTOR = YES;
				GCC_WARN_UNINITIALIZED_AUTOS = YES_AGGRESSIVE;
				GCC_WARN_UNUSED_FUNCTION = YES;
				GCC_WARN_UNUSED_VARIABLE = YES;
				IPHONEOS_DEPLOYMENT_TARGET = 11.4;
				MTL_ENABLE_DEBUG_INFO = NO;
				SDKROOT = iphoneos;
				SWIFT_COMPILATION_MODE = wholemodule;
				SWIFT_OPTIMIZATION_LEVEL = "-O";
				VALIDATE_PRODUCT = YES;
			};
			name = Release;
		};
		27EE3DE320CC8B2D0012E5FD /* Debug */ = {
			isa = XCBuildConfiguration;
			baseConfigurationReference = 3975125C5600EF2DEB6D39E0 /* Pods-FutureMind.debug.xcconfig */;
			buildSettings = {
				ASSETCATALOG_COMPILER_APPICON_NAME = AppIcon;
				CODE_SIGN_STYLE = Automatic;
				DEVELOPMENT_TEAM = AFD55YHYZ6;
				INFOPLIST_FILE = FutureMind/Info.plist;
				LD_RUNPATH_SEARCH_PATHS = (
					"$(inherited)",
					"@executable_path/Frameworks",
				);
				PRODUCT_BUNDLE_IDENTIFIER = pl.tubis.futureMind.FutureMind;
				PRODUCT_NAME = "$(TARGET_NAME)";
				SWIFT_VERSION = 4.0;
				TARGETED_DEVICE_FAMILY = "1,2";
			};
			name = Debug;
		};
		27EE3DE420CC8B2D0012E5FD /* Release */ = {
			isa = XCBuildConfiguration;
			baseConfigurationReference = 279555A98BAC0BF514AD0440 /* Pods-FutureMind.release.xcconfig */;
			buildSettings = {
				ASSETCATALOG_COMPILER_APPICON_NAME = AppIcon;
				CODE_SIGN_STYLE = Automatic;
				DEVELOPMENT_TEAM = AFD55YHYZ6;
				INFOPLIST_FILE = FutureMind/Info.plist;
				LD_RUNPATH_SEARCH_PATHS = (
					"$(inherited)",
					"@executable_path/Frameworks",
				);
				PRODUCT_BUNDLE_IDENTIFIER = pl.tubis.futureMind.FutureMind;
				PRODUCT_NAME = "$(TARGET_NAME)";
				SWIFT_VERSION = 4.0;
				TARGETED_DEVICE_FAMILY = "1,2";
			};
			name = Release;
		};
/* End XCBuildConfiguration section */

/* Begin XCConfigurationList section */
		27EE3DC820CC8B2C0012E5FD /* Build configuration list for PBXProject "FutureMind" */ = {
			isa = XCConfigurationList;
			buildConfigurations = (
				27EE3DE020CC8B2D0012E5FD /* Debug */,
				27EE3DE120CC8B2D0012E5FD /* Release */,
			);
			defaultConfigurationIsVisible = 0;
			defaultConfigurationName = Release;
		};
		27EE3DE220CC8B2D0012E5FD /* Build configuration list for PBXNativeTarget "FutureMind" */ = {
			isa = XCConfigurationList;
			buildConfigurations = (
				27EE3DE320CC8B2D0012E5FD /* Debug */,
				27EE3DE420CC8B2D0012E5FD /* Release */,
			);
			defaultConfigurationIsVisible = 0;
			defaultConfigurationName = Release;
		};
/* End XCConfigurationList section */

/* Begin XCVersionGroup section */
		27EE3DD720CC8B2C0012E5FD /* FutureMind.xcdatamodeld */ = {
			isa = XCVersionGroup;
			children = (
				27EE3DD820CC8B2C0012E5FD /* FutureMind.xcdatamodel */,
			);
			currentVersion = 27EE3DD820CC8B2C0012E5FD /* FutureMind.xcdatamodel */;
			path = FutureMind.xcdatamodeld;
			sourceTree = "<group>";
			versionGroupType = wrapper.xcdatamodel;
		};
/* End XCVersionGroup section */
	};
	rootObject = 27EE3DC520CC8B2C0012E5FD /* Project object */;
}
